
Microsoft Visual Studio Solution File, Format Version 12.00
# Visual Studio 14
VisualStudioVersion = 14.0.25420.1
MinimumVisualStudioVersion = 10.0.40219.1
Project("{8BC9CEB8-8B4A-11D0-8D11-00A0C91BC942}") = "First C Project", "First C Project\First C Project.vcxproj", "{E29485C8-269B-440F-A0FE-44D35B81E262}"
EndProject
Project("{8BC9CEB8-8B4A-11D0-8D11-00A0C91BC942}") = "Second Project", "Second Project\Second Project.vcxproj", "{8A5E87F0-BE8B-465A-98C8-D39D9A2F945D}"
EndProject
Project("{8BC9CEB8-8B4A-11D0-8D11-00A0C91BC942}") = "Third Project", "Third Project\Third Project.vcxproj", "{2E3DEB09-7C68-4093-8BE6-164FBCE49079}"
EndProject
Project("{8BC9CEB8-8B4A-11D0-8D11-00A0C91BC942}") = "4th Project", "4th Project\4th Project.vcxproj", "{09486DAD-8264-4B64-B1E9-A5D74086D4BF}"
EndProject
Global
	GlobalSection(SolutionConfigurationPlatforms) = preSolution
		Debug|x64 = Debug|x64
		Debug|x86 = Debug|x86
		Release|x64 = Release|x64
		Release|x86 = Release|x86
	EndGlobalSection
	GlobalSection(ProjectConfigurationPlatforms) = postSolution
		{E29485C8-269B-440F-A0FE-44D35B81E262}.Debug|x64.ActiveCfg = Debug|x64
		{E29485C8-269B-440F-A0FE-44D35B81E262}.Debug|x64.Build.0 = Debug|x64
		{E29485C8-269B-440F-A0FE-44D35B81E262}.Debug|x86.ActiveCfg = Debug|Win32
		{E29485C8-269B-440F-A0FE-44D35B81E262}.Debug|x86.Build.0 = Debug|Win32
		{E29485C8-269B-440F-A0FE-44D35B81E262}.Release|x64.ActiveCfg = Release|x64
		{E29485C8-269B-440F-A0FE-44D35B81E262}.Release|x64.Build.0 = Release|x64
		{E29485C8-269B-440F-A0FE-44D35B81E262}.Release|x86.ActiveCfg = Release|Win32
		{E29485C8-269B-440F-A0FE-44D35B81E262}.Release|x86.Build.0 = Release|Win32
		{8A5E87F0-BE8B-465A-98C8-D39D9A2F945D}.Debug|x64.ActiveCfg = Debug|x64
		{8A5E87F0-BE8B-465A-98C8-D39D9A2F945D}.Debug|x64.Build.0 = Debug|x64
		{8A5E87F0-BE8B-465A-98C8-D39D9A2F945D}.Debug|x86.ActiveCfg = Debug|Win32
		{8A5E87F0-BE8B-465A-98C8-D39D9A2F945D}.Debug|x86.Build.0 = Debug|Win32
		{8A5E87F0-BE8B-465A-98C8-D39D9A2F945D}.Release|x64.ActiveCfg = Release|x64
		{8A5E87F0-BE8B-465A-98C8-D39D9A2F945D}.Release|x64.Build.0 = Release|x64
		{8A5E87F0-BE8B-465A-98C8-D39D9A2F945D}.Release|x86.ActiveCfg = Release|Win32
		{8A5E87F0-BE8B-465A-98C8-D39D9A2F945D}.Release|x86.Build.0 = Release|Win32
		{2E3DEB09-7C68-4093-8BE6-164FBCE49079}.Debug|x64.ActiveCfg = Debug|x64
		{2E3DEB09-7C68-4093-8BE6-164FBCE49079}.Debug|x64.Build.0 = Debug|x64
		{2E3DEB09-7C68-4093-8BE6-164FBCE49079}.Debug|x86.ActiveCfg = Debug|Win32
		{2E3DEB09-7C68-4093-8BE6-164FBCE49079}.Debug|x86.Build.0 = Debug|Win32
		{2E3DEB09-7C68-4093-8BE6-164FBCE49079}.Release|x64.ActiveCfg = Release|x64
		{2E3DEB09-7C68-4093-8BE6-164FBCE49079}.Release|x64.Build.0 = Release|x64
		{2E3DEB09-7C68-4093-8BE6-164FBCE49079}.Release|x86.ActiveCfg = Release|Win32
		{2E3DEB09-7C68-4093-8BE6-164FBCE49079}.Release|x86.Build.0 = Release|Win32
		{09486DAD-8264-4B64-B1E9-A5D74086D4BF}.Debug|x64.ActiveCfg = Debug|x64
		{09486DAD-8264-4B64-B1E9-A5D74086D4BF}.Debug|x64.Build.0 = Debug|x64
		{09486DAD-8264-4B64-B1E9-A5D74086D4BF}.Debug|x86.ActiveCfg = Debug|Win32
		{09486DAD-8264-4B64-B1E9-A5D74086D4BF}.Debug|x86.Build.0 = Debug|Win32
		{09486DAD-8264-4B64-B1E9-A5D74086D4BF}.Release|x64.ActiveCfg = Release|x64
		{09486DAD-8264-4B64-B1E9-A5D74086D4BF}.Release|x64.Build.0 = Release|x64
		{09486DAD-8264-4B64-B1E9-A5D74086D4BF}.Release|x86.ActiveCfg = Release|Win32
		{09486DAD-8264-4B64-B1E9-A5D74086D4BF}.Release|x86.Build.0 = Release|Win32
	EndGlobalSection
	GlobalSection(SolutionProperties) = preSolution
		HideSolutionNode = FALSE
	EndGlobalSection
EndGlobal
